// !$*UTF8*$!
{
	archiveVersion = 1;
	classes = {
	};
	objectVersion = 56;
	objects = {

/* Begin PBXBuildFile section */
		00086E972A6B62AE00A7C9FF /* CustomPostCell.swift in Sources */ = {isa = PBXBuildFile; fileRef = 00086E962A6B62AE00A7C9FF /* CustomPostCell.swift */; };
		00086E992A6B631600A7C9FF /* CustomCommentCell.swift in Sources */ = {isa = PBXBuildFile; fileRef = 00086E982A6B631600A7C9FF /* CustomCommentCell.swift */; };
		00124F1B2A63CB6000536EAD /* PostVC.swift in Sources */ = {isa = PBXBuildFile; fileRef = 00124F1A2A63CB6000536EAD /* PostVC.swift */; };
		0041A6ED2A61A2BF008A5048 /* WriteVC.swift in Sources */ = {isa = PBXBuildFile; fileRef = 0041A6EC2A61A2BF008A5048 /* WriteVC.swift */; };
		007B67C22A6D31F50087B264 /* PromiseVC.swift in Sources */ = {isa = PBXBuildFile; fileRef = 007B67C12A6D31F50087B264 /* PromiseVC.swift */; };
		008463F92A5D56FC009F4033 /* GoodVC.swift in Sources */ = {isa = PBXBuildFile; fileRef = 008463F82A5D56FC009F4033 /* GoodVC.swift */; };
		008463FB2A5D5713009F4033 /* BadVC.swift in Sources */ = {isa = PBXBuildFile; fileRef = 008463FA2A5D5713009F4033 /* BadVC.swift */; };
		008463FD2A5D93BF009F4033 /* FriendListVC.swift in Sources */ = {isa = PBXBuildFile; fileRef = 008463FC2A5D93BF009F4033 /* FriendListVC.swift */; };
		008463FF2A5D93FF009F4033 /* GroupVC.swift in Sources */ = {isa = PBXBuildFile; fileRef = 008463FE2A5D93FF009F4033 /* GroupVC.swift */; };
		008C498C2A714EAF00BE6705 /* Group.swift in Sources */ = {isa = PBXBuildFile; fileRef = 008C498B2A714EAF00BE6705 /* Group.swift */; };
		008C498E2A714ED700BE6705 /* Post.swift in Sources */ = {isa = PBXBuildFile; fileRef = 008C498D2A714ED700BE6705 /* Post.swift */; };
		00E558F22A6FD3CC00EA73FC /* Login.swift in Sources */ = {isa = PBXBuildFile; fileRef = 00E558F12A6FD3CC00EA73FC /* Login.swift */; };
		00E648552A7A2C05005AB40B /* PrivacyPolicyVC.swift in Sources */ = {isa = PBXBuildFile; fileRef = 00E648542A7A2C05005AB40B /* PrivacyPolicyVC.swift */; };
		00FD26582A5CE1520013E169 /* GuideVC.swift in Sources */ = {isa = PBXBuildFile; fileRef = 00FD26572A5CE1520013E169 /* GuideVC.swift */; };
		55264A9DE1ED88A2B377A672 /* Pods_KnockKnock_KnockKnockUITests.framework in Frameworks */ = {isa = PBXBuildFile; fileRef = 4DBA3859EDF2C9AF5B666E35 /* Pods_KnockKnock_KnockKnockUITests.framework */; };
		630F1F3B064994AD0D3ACAEB /* Pods_KnockKnockTests.framework in Frameworks */ = {isa = PBXBuildFile; fileRef = F6B9941AEDF608B7B3FABCB3 /* Pods_KnockKnockTests.framework */; };
		C9229C8C2A6441A70017A45C /* AddBFVC.swift in Sources */ = {isa = PBXBuildFile; fileRef = C9229C8B2A6441A70017A45C /* AddBFVC.swift */; };
		C9229C8E2A6441DB0017A45C /* AddGroupVC.swift in Sources */ = {isa = PBXBuildFile; fileRef = C9229C8D2A6441DB0017A45C /* AddGroupVC.swift */; };
		C9229C942A64592E0017A45C /* EditProfileVC.swift in Sources */ = {isa = PBXBuildFile; fileRef = C9229C932A64592E0017A45C /* EditProfileVC.swift */; };
		C93246792A458D9400908D6B /* AppDelegate.swift in Sources */ = {isa = PBXBuildFile; fileRef = C93246782A458D9400908D6B /* AppDelegate.swift */; };
		C932467B2A458D9400908D6B /* SceneDelegate.swift in Sources */ = {isa = PBXBuildFile; fileRef = C932467A2A458D9400908D6B /* SceneDelegate.swift */; };
		C93246832A458D9400908D6B /* KnockKnock.xcdatamodeld in Sources */ = {isa = PBXBuildFile; fileRef = C93246812A458D9400908D6B /* KnockKnock.xcdatamodeld */; };
		C93246852A458D9600908D6B /* Assets.xcassets in Resources */ = {isa = PBXBuildFile; fileRef = C93246842A458D9600908D6B /* Assets.xcassets */; };
		C93246882A458D9600908D6B /* LaunchScreen.storyboard in Resources */ = {isa = PBXBuildFile; fileRef = C93246862A458D9600908D6B /* LaunchScreen.storyboard */; };
		C93246932A458D9600908D6B /* KnockKnockTests.swift in Sources */ = {isa = PBXBuildFile; fileRef = C93246922A458D9600908D6B /* KnockKnockTests.swift */; };
		C932469D2A458D9600908D6B /* KnockKnockUITests.swift in Sources */ = {isa = PBXBuildFile; fileRef = C932469C2A458D9600908D6B /* KnockKnockUITests.swift */; };
		C932469F2A458D9600908D6B /* KnockKnockUITestsLaunchTests.swift in Sources */ = {isa = PBXBuildFile; fileRef = C932469E2A458D9600908D6B /* KnockKnockUITestsLaunchTests.swift */; };
		C93246B22A4631E200908D6B /* MyPage.swift in Sources */ = {isa = PBXBuildFile; fileRef = C93246B12A4631E200908D6B /* MyPage.swift */; };
		C93246BF2A48313000908D6B /* SearchController.swift in Sources */ = {isa = PBXBuildFile; fileRef = C93246BE2A48313000908D6B /* SearchController.swift */; };
		C93246C12A48315800908D6B /* MyPageController.swift in Sources */ = {isa = PBXBuildFile; fileRef = C93246C02A48315800908D6B /* MyPageController.swift */; };
		C93246C32A48317800908D6B /* FriendController.swift in Sources */ = {isa = PBXBuildFile; fileRef = C93246C22A48317800908D6B /* FriendController.swift */; };
		C93246C52A48318B00908D6B /* CommunityController.swift in Sources */ = {isa = PBXBuildFile; fileRef = C93246C42A48318B00908D6B /* CommunityController.swift */; };
		C933F4552A5EFBBA0089670A /* EditMyPageVC.swift in Sources */ = {isa = PBXBuildFile; fileRef = C933F4542A5EFBBA0089670A /* EditMyPageVC.swift */; };
		C935FA1C2A57F1B90035FA2C /* MyProfilePage.swift in Sources */ = {isa = PBXBuildFile; fileRef = C935FA1B2A57F1B90035FA2C /* MyProfilePage.swift */; };
		C935FA1F2A58264B0035FA2C /* LoginFirstVC.swift in Sources */ = {isa = PBXBuildFile; fileRef = C935FA1E2A58264B0035FA2C /* LoginFirstVC.swift */; };
		C935FA212A58656C0035FA2C /* LoginVC.swift in Sources */ = {isa = PBXBuildFile; fileRef = C935FA202A58656C0035FA2C /* LoginVC.swift */; };
		C935FA232A59357B0035FA2C /* LoginSecondVC.swift in Sources */ = {isa = PBXBuildFile; fileRef = C935FA222A59357B0035FA2C /* LoginSecondVC.swift */; };
		C935FA252A59475A0035FA2C /* LoginSuccessVC.swift in Sources */ = {isa = PBXBuildFile; fileRef = C935FA242A59475A0035FA2C /* LoginSuccessVC.swift */; };
		C935FA272A59BC840035FA2C /* Extension.swift in Sources */ = {isa = PBXBuildFile; fileRef = C935FA262A59BC840035FA2C /* Extension.swift */; };
		C935FA2D2A59C1B30035FA2C /* TabBarController.swift in Sources */ = {isa = PBXBuildFile; fileRef = C935FA2C2A59C1B30035FA2C /* TabBarController.swift */; };
		C935FA2F2A59D0EA0035FA2C /* AddFriendVC.swift in Sources */ = {isa = PBXBuildFile; fileRef = C935FA2E2A59D0EA0035FA2C /* AddFriendVC.swift */; };
		C935FA312A5A52730035FA2C /* FriendProfileVC.swift in Sources */ = {isa = PBXBuildFile; fileRef = C935FA302A5A52730035FA2C /* FriendProfileVC.swift */; };
		C935FA332A5BC6C50035FA2C /* AddAlarmVC.swift in Sources */ = {isa = PBXBuildFile; fileRef = C935FA322A5BC6C50035FA2C /* AddAlarmVC.swift */; };
		C935FA742A5BE56D0035FA2C /* TextGuideVC.swift in Sources */ = {isa = PBXBuildFile; fileRef = C935FA732A5BE56D0035FA2C /* TextGuideVC.swift */; };
		C935FA782A5C01200035FA2C /* SettingVC.swift in Sources */ = {isa = PBXBuildFile; fileRef = C935FA772A5C01200035FA2C /* SettingVC.swift */; };
		C935FA7C2A5D63740035FA2C /* LoginAddFriendVC.swift in Sources */ = {isa = PBXBuildFile; fileRef = C935FA7B2A5D63740035FA2C /* LoginAddFriendVC.swift */; };
		C935FA7E2A5D63840035FA2C /* LoginAddBestFriendVC.swift in Sources */ = {isa = PBXBuildFile; fileRef = C935FA7D2A5D63840035FA2C /* LoginAddBestFriendVC.swift */; };
		C935FA802A5D74980035FA2C /* AllowApproachVC.swift in Sources */ = {isa = PBXBuildFile; fileRef = C935FA7F2A5D74980035FA2C /* AllowApproachVC.swift */; };
		C935FA862A5EB6010035FA2C /* FindPasswordVC.swift in Sources */ = {isa = PBXBuildFile; fileRef = C935FA852A5EB6010035FA2C /* FindPasswordVC.swift */; };
		C977A2772A684692001249E3 /* GroupMemberVC.swift in Sources */ = {isa = PBXBuildFile; fileRef = C977A2762A684692001249E3 /* GroupMemberVC.swift */; };
		C977A2792A6854B6001249E3 /* AddGroupView.swift in Sources */ = {isa = PBXBuildFile; fileRef = C977A2782A6854B6001249E3 /* AddGroupView.swift */; };
		C98C4DFA2A6120C00001BEAB /* ChangePasswordVC.swift in Sources */ = {isa = PBXBuildFile; fileRef = C98C4DF92A6120C00001BEAB /* ChangePasswordVC.swift */; };
		C98EB7172A7ABA9600FAB4B8 /* LoginThirdVC.swift in Sources */ = {isa = PBXBuildFile; fileRef = C98EB7162A7ABA9600FAB4B8 /* LoginThirdVC.swift */; };
		C98EB7192A7AC4D200FAB4B8 /* SayHelloTextGuideVC.swift in Sources */ = {isa = PBXBuildFile; fileRef = C98EB7182A7AC4D200FAB4B8 /* SayHelloTextGuideVC.swift */; };
		C98EB71B2A7AC4E500FAB4B8 /* BirthTextGuideVC.swift in Sources */ = {isa = PBXBuildFile; fileRef = C98EB71A2A7AC4E500FAB4B8 /* BirthTextGuideVC.swift */; };
		C98EB71D2A7AC50000FAB4B8 /* WeddingTextGuideVC.swift in Sources */ = {isa = PBXBuildFile; fileRef = C98EB71C2A7AC50000FAB4B8 /* WeddingTextGuideVC.swift */; };
		C98EB71F2A7AC52F00FAB4B8 /* AppointmentTextGuideVC.swift in Sources */ = {isa = PBXBuildFile; fileRef = C98EB71E2A7AC52F00FAB4B8 /* AppointmentTextGuideVC.swift */; };
		C98EB7212A7E877900FAB4B8 /* EditGroupView.swift in Sources */ = {isa = PBXBuildFile; fileRef = C98EB7202A7E877900FAB4B8 /* EditGroupView.swift */; };
		C98EB7232A7E878100FAB4B8 /* EditGroupVC.swift in Sources */ = {isa = PBXBuildFile; fileRef = C98EB7222A7E878100FAB4B8 /* EditGroupVC.swift */; };
		C98EB7252A7EB11700FAB4B8 /* ChangePasswordSuccessVC.swift in Sources */ = {isa = PBXBuildFile; fileRef = C98EB7242A7EB11700FAB4B8 /* ChangePasswordSuccessVC.swift */; };
		C98EB7272A7EC2C800FAB4B8 /* MyMessage1.swift in Sources */ = {isa = PBXBuildFile; fileRef = C98EB7262A7EC2C800FAB4B8 /* MyMessage1.swift */; };
		C98EB7292A7EC2D200FAB4B8 /* MyMessage2.swift in Sources */ = {isa = PBXBuildFile; fileRef = C98EB7282A7EC2D200FAB4B8 /* MyMessage2.swift */; };
		C9D07CEE2A6A62290071C2F5 /* CustomCell.swift in Sources */ = {isa = PBXBuildFile; fileRef = C9D07CED2A6A62290071C2F5 /* CustomCell.swift */; };
		C9D07CFA2A6AE74A0071C2F5 /* FriendProfileView.swift in Sources */ = {isa = PBXBuildFile; fileRef = C9D07CF92A6AE74A0071C2F5 /* FriendProfileView.swift */; };
		C9D07CFC2A6C427C0071C2F5 /* HowtouseVC.swift in Sources */ = {isa = PBXBuildFile; fileRef = C9D07CFB2A6C427C0071C2F5 /* HowtouseVC.swift */; };
		C9D07D0C2A6D663B0071C2F5 /* GroupProfileView.swift in Sources */ = {isa = PBXBuildFile; fileRef = C9D07D0B2A6D663B0071C2F5 /* GroupProfileView.swift */; };
		C9D07D0E2A6D66450071C2F5 /* GroupProfileVC.swift in Sources */ = {isa = PBXBuildFile; fileRef = C9D07D0D2A6D66450071C2F5 /* GroupProfileVC.swift */; };
		C9D07D102A6D74210071C2F5 /* GroupAlarmVC.swift in Sources */ = {isa = PBXBuildFile; fileRef = C9D07D0F2A6D74210071C2F5 /* GroupAlarmVC.swift */; };
		D9307CAF2ACAE9C26196364D /* Pods_KnockKnock.framework in Frameworks */ = {isa = PBXBuildFile; fileRef = C6BA4AB9AE11CC547F1B308C /* Pods_KnockKnock.framework */; };
		E91EE27E2A5C9B24003D6E5C /* GetInformationVC.swift in Sources */ = {isa = PBXBuildFile; fileRef = E91EE27D2A5C9B24003D6E5C /* GetInformationVC.swift */; };
		E91EE28D2A61A3AC003D6E5C /* Friends.swift in Sources */ = {isa = PBXBuildFile; fileRef = E91EE28C2A61A3AC003D6E5C /* Friends.swift */; };
		E999620E2A658E6B00FA602C /* MyData.swift in Sources */ = {isa = PBXBuildFile; fileRef = E999620D2A658E6B00FA602C /* MyData.swift */; };
/* End PBXBuildFile section */

/* Begin PBXContainerItemProxy section */
		C932468F2A458D9600908D6B /* PBXContainerItemProxy */ = {
			isa = PBXContainerItemProxy;
			containerPortal = C932466D2A458D9400908D6B /* Project object */;
			proxyType = 1;
			remoteGlobalIDString = C93246742A458D9400908D6B;
			remoteInfo = KnockKnock;
		};
		C93246992A458D9600908D6B /* PBXContainerItemProxy */ = {
			isa = PBXContainerItemProxy;
			containerPortal = C932466D2A458D9400908D6B /* Project object */;
			proxyType = 1;
			remoteGlobalIDString = C93246742A458D9400908D6B;
			remoteInfo = KnockKnock;
		};
/* End PBXContainerItemProxy section */

/* Begin PBXFileReference section */
		00086E962A6B62AE00A7C9FF /* CustomPostCell.swift */ = {isa = PBXFileReference; lastKnownFileType = sourcecode.swift; path = CustomPostCell.swift; sourceTree = "<group>"; };
		00086E982A6B631600A7C9FF /* CustomCommentCell.swift */ = {isa = PBXFileReference; lastKnownFileType = sourcecode.swift; path = CustomCommentCell.swift; sourceTree = "<group>"; };
		00124F1A2A63CB6000536EAD /* PostVC.swift */ = {isa = PBXFileReference; lastKnownFileType = sourcecode.swift; path = PostVC.swift; sourceTree = "<group>"; };
		0041A6EC2A61A2BF008A5048 /* WriteVC.swift */ = {isa = PBXFileReference; lastKnownFileType = sourcecode.swift; path = WriteVC.swift; sourceTree = "<group>"; };
		0077CEBC45158B865B94A5C7 /* Pods-KnockKnock-KnockKnockUITests.debug.xcconfig */ = {isa = PBXFileReference; includeInIndex = 1; lastKnownFileType = text.xcconfig; name = "Pods-KnockKnock-KnockKnockUITests.debug.xcconfig"; path = "Target Support Files/Pods-KnockKnock-KnockKnockUITests/Pods-KnockKnock-KnockKnockUITests.debug.xcconfig"; sourceTree = "<group>"; };
		007B67C12A6D31F50087B264 /* PromiseVC.swift */ = {isa = PBXFileReference; lastKnownFileType = sourcecode.swift; path = PromiseVC.swift; sourceTree = "<group>"; };
		008463F82A5D56FC009F4033 /* GoodVC.swift */ = {isa = PBXFileReference; lastKnownFileType = sourcecode.swift; path = GoodVC.swift; sourceTree = "<group>"; };
		008463FA2A5D5713009F4033 /* BadVC.swift */ = {isa = PBXFileReference; lastKnownFileType = sourcecode.swift; path = BadVC.swift; sourceTree = "<group>"; };
		008463FC2A5D93BF009F4033 /* FriendListVC.swift */ = {isa = PBXFileReference; lastKnownFileType = sourcecode.swift; path = FriendListVC.swift; sourceTree = "<group>"; };
		008463FE2A5D93FF009F4033 /* GroupVC.swift */ = {isa = PBXFileReference; lastKnownFileType = sourcecode.swift; path = GroupVC.swift; sourceTree = "<group>"; };
		008C498B2A714EAF00BE6705 /* Group.swift */ = {isa = PBXFileReference; lastKnownFileType = sourcecode.swift; name = Group.swift; path = ../Group.swift; sourceTree = "<group>"; };
		008C498D2A714ED700BE6705 /* Post.swift */ = {isa = PBXFileReference; lastKnownFileType = sourcecode.swift; path = Post.swift; sourceTree = "<group>"; };
		00E558F12A6FD3CC00EA73FC /* Login.swift */ = {isa = PBXFileReference; lastKnownFileType = sourcecode.swift; path = Login.swift; sourceTree = "<group>"; };
		00E648542A7A2C05005AB40B /* PrivacyPolicyVC.swift */ = {isa = PBXFileReference; lastKnownFileType = sourcecode.swift; path = PrivacyPolicyVC.swift; sourceTree = "<group>"; };
		00FD26572A5CE1520013E169 /* GuideVC.swift */ = {isa = PBXFileReference; lastKnownFileType = sourcecode.swift; path = GuideVC.swift; sourceTree = "<group>"; };
		07D7546DE7B95907D6D91395 /* Pods-KnockKnock.debug.xcconfig */ = {isa = PBXFileReference; includeInIndex = 1; lastKnownFileType = text.xcconfig; name = "Pods-KnockKnock.debug.xcconfig"; path = "Target Support Files/Pods-KnockKnock/Pods-KnockKnock.debug.xcconfig"; sourceTree = "<group>"; };
		1A3BB14BCA180BC7CE8155AA /* Pods-KnockKnockTests.debug.xcconfig */ = {isa = PBXFileReference; includeInIndex = 1; lastKnownFileType = text.xcconfig; name = "Pods-KnockKnockTests.debug.xcconfig"; path = "Target Support Files/Pods-KnockKnockTests/Pods-KnockKnockTests.debug.xcconfig"; sourceTree = "<group>"; };
		4DBA3859EDF2C9AF5B666E35 /* Pods_KnockKnock_KnockKnockUITests.framework */ = {isa = PBXFileReference; explicitFileType = wrapper.framework; includeInIndex = 0; path = Pods_KnockKnock_KnockKnockUITests.framework; sourceTree = BUILT_PRODUCTS_DIR; };
		6B992DF5B9F3A14AA220019A /* Pods-KnockKnock.release.xcconfig */ = {isa = PBXFileReference; includeInIndex = 1; lastKnownFileType = text.xcconfig; name = "Pods-KnockKnock.release.xcconfig"; path = "Target Support Files/Pods-KnockKnock/Pods-KnockKnock.release.xcconfig"; sourceTree = "<group>"; };
		75CDF4FF50DADE209C8EEFA1 /* Pods-KnockKnockTests.release.xcconfig */ = {isa = PBXFileReference; includeInIndex = 1; lastKnownFileType = text.xcconfig; name = "Pods-KnockKnockTests.release.xcconfig"; path = "Target Support Files/Pods-KnockKnockTests/Pods-KnockKnockTests.release.xcconfig"; sourceTree = "<group>"; };
		C6BA4AB9AE11CC547F1B308C /* Pods_KnockKnock.framework */ = {isa = PBXFileReference; explicitFileType = wrapper.framework; includeInIndex = 0; path = Pods_KnockKnock.framework; sourceTree = BUILT_PRODUCTS_DIR; };
		C6E3773EEB3DC8AFF5BD12A1 /* Pods-KnockKnock-KnockKnockUITests.release.xcconfig */ = {isa = PBXFileReference; includeInIndex = 1; lastKnownFileType = text.xcconfig; name = "Pods-KnockKnock-KnockKnockUITests.release.xcconfig"; path = "Target Support Files/Pods-KnockKnock-KnockKnockUITests/Pods-KnockKnock-KnockKnockUITests.release.xcconfig"; sourceTree = "<group>"; };
		C9229C8B2A6441A70017A45C /* AddBFVC.swift */ = {isa = PBXFileReference; lastKnownFileType = sourcecode.swift; path = AddBFVC.swift; sourceTree = "<group>"; };
		C9229C8D2A6441DB0017A45C /* AddGroupVC.swift */ = {isa = PBXFileReference; lastKnownFileType = sourcecode.swift; path = AddGroupVC.swift; sourceTree = "<group>"; };
		C9229C932A64592E0017A45C /* EditProfileVC.swift */ = {isa = PBXFileReference; lastKnownFileType = sourcecode.swift; path = EditProfileVC.swift; sourceTree = "<group>"; };
		C93246752A458D9400908D6B /* KnockKnock.app */ = {isa = PBXFileReference; explicitFileType = wrapper.application; includeInIndex = 0; path = KnockKnock.app; sourceTree = BUILT_PRODUCTS_DIR; };
		C93246782A458D9400908D6B /* AppDelegate.swift */ = {isa = PBXFileReference; lastKnownFileType = sourcecode.swift; path = AppDelegate.swift; sourceTree = "<group>"; };
		C932467A2A458D9400908D6B /* SceneDelegate.swift */ = {isa = PBXFileReference; lastKnownFileType = sourcecode.swift; path = SceneDelegate.swift; sourceTree = "<group>"; };
		C93246822A458D9400908D6B /* KnockKnock.xcdatamodel */ = {isa = PBXFileReference; lastKnownFileType = wrapper.xcdatamodel; path = KnockKnock.xcdatamodel; sourceTree = "<group>"; };
		C93246842A458D9600908D6B /* Assets.xcassets */ = {isa = PBXFileReference; lastKnownFileType = folder.assetcatalog; path = Assets.xcassets; sourceTree = "<group>"; };
		C93246872A458D9600908D6B /* Base */ = {isa = PBXFileReference; lastKnownFileType = file.storyboard; name = Base; path = Base.lproj/LaunchScreen.storyboard; sourceTree = "<group>"; };
		C93246892A458D9600908D6B /* Info.plist */ = {isa = PBXFileReference; lastKnownFileType = text.plist.xml; path = Info.plist; sourceTree = "<group>"; };
		C932468E2A458D9600908D6B /* KnockKnockTests.xctest */ = {isa = PBXFileReference; explicitFileType = wrapper.cfbundle; includeInIndex = 0; path = KnockKnockTests.xctest; sourceTree = BUILT_PRODUCTS_DIR; };
		C93246922A458D9600908D6B /* KnockKnockTests.swift */ = {isa = PBXFileReference; lastKnownFileType = sourcecode.swift; path = KnockKnockTests.swift; sourceTree = "<group>"; };
		C93246982A458D9600908D6B /* KnockKnockUITests.xctest */ = {isa = PBXFileReference; explicitFileType = wrapper.cfbundle; includeInIndex = 0; path = KnockKnockUITests.xctest; sourceTree = BUILT_PRODUCTS_DIR; };
		C932469C2A458D9600908D6B /* KnockKnockUITests.swift */ = {isa = PBXFileReference; lastKnownFileType = sourcecode.swift; path = KnockKnockUITests.swift; sourceTree = "<group>"; };
		C932469E2A458D9600908D6B /* KnockKnockUITestsLaunchTests.swift */ = {isa = PBXFileReference; lastKnownFileType = sourcecode.swift; path = KnockKnockUITestsLaunchTests.swift; sourceTree = "<group>"; };
		C93246B12A4631E200908D6B /* MyPage.swift */ = {isa = PBXFileReference; lastKnownFileType = sourcecode.swift; path = MyPage.swift; sourceTree = "<group>"; };
		C93246BE2A48313000908D6B /* SearchController.swift */ = {isa = PBXFileReference; lastKnownFileType = sourcecode.swift; path = SearchController.swift; sourceTree = "<group>"; };
		C93246C02A48315800908D6B /* MyPageController.swift */ = {isa = PBXFileReference; lastKnownFileType = sourcecode.swift; path = MyPageController.swift; sourceTree = "<group>"; };
		C93246C22A48317800908D6B /* FriendController.swift */ = {isa = PBXFileReference; lastKnownFileType = sourcecode.swift; path = FriendController.swift; sourceTree = "<group>"; };
		C93246C42A48318B00908D6B /* CommunityController.swift */ = {isa = PBXFileReference; lastKnownFileType = sourcecode.swift; path = CommunityController.swift; sourceTree = "<group>"; };
		C933F4542A5EFBBA0089670A /* EditMyPageVC.swift */ = {isa = PBXFileReference; lastKnownFileType = sourcecode.swift; path = EditMyPageVC.swift; sourceTree = "<group>"; };
		C935FA1B2A57F1B90035FA2C /* MyProfilePage.swift */ = {isa = PBXFileReference; lastKnownFileType = sourcecode.swift; path = MyProfilePage.swift; sourceTree = "<group>"; };
		C935FA1E2A58264B0035FA2C /* LoginFirstVC.swift */ = {isa = PBXFileReference; lastKnownFileType = sourcecode.swift; path = LoginFirstVC.swift; sourceTree = "<group>"; };
		C935FA202A58656C0035FA2C /* LoginVC.swift */ = {isa = PBXFileReference; lastKnownFileType = sourcecode.swift; path = LoginVC.swift; sourceTree = "<group>"; };
		C935FA222A59357B0035FA2C /* LoginSecondVC.swift */ = {isa = PBXFileReference; lastKnownFileType = sourcecode.swift; path = LoginSecondVC.swift; sourceTree = "<group>"; };
		C935FA242A59475A0035FA2C /* LoginSuccessVC.swift */ = {isa = PBXFileReference; lastKnownFileType = sourcecode.swift; path = LoginSuccessVC.swift; sourceTree = "<group>"; };
		C935FA262A59BC840035FA2C /* Extension.swift */ = {isa = PBXFileReference; lastKnownFileType = sourcecode.swift; path = Extension.swift; sourceTree = "<group>"; };
		C935FA2C2A59C1B30035FA2C /* TabBarController.swift */ = {isa = PBXFileReference; lastKnownFileType = sourcecode.swift; path = TabBarController.swift; sourceTree = "<group>"; };
		C935FA2E2A59D0EA0035FA2C /* AddFriendVC.swift */ = {isa = PBXFileReference; lastKnownFileType = sourcecode.swift; path = AddFriendVC.swift; sourceTree = "<group>"; };
		C935FA302A5A52730035FA2C /* FriendProfileVC.swift */ = {isa = PBXFileReference; lastKnownFileType = sourcecode.swift; path = FriendProfileVC.swift; sourceTree = "<group>"; };
		C935FA322A5BC6C50035FA2C /* AddAlarmVC.swift */ = {isa = PBXFileReference; lastKnownFileType = sourcecode.swift; path = AddAlarmVC.swift; sourceTree = "<group>"; };
		C935FA732A5BE56D0035FA2C /* TextGuideVC.swift */ = {isa = PBXFileReference; lastKnownFileType = sourcecode.swift; path = TextGuideVC.swift; sourceTree = "<group>"; };
		C935FA772A5C01200035FA2C /* SettingVC.swift */ = {isa = PBXFileReference; lastKnownFileType = sourcecode.swift; path = SettingVC.swift; sourceTree = "<group>"; };
		C935FA7B2A5D63740035FA2C /* LoginAddFriendVC.swift */ = {isa = PBXFileReference; lastKnownFileType = sourcecode.swift; path = LoginAddFriendVC.swift; sourceTree = "<group>"; };
		C935FA7D2A5D63840035FA2C /* LoginAddBestFriendVC.swift */ = {isa = PBXFileReference; lastKnownFileType = sourcecode.swift; path = LoginAddBestFriendVC.swift; sourceTree = "<group>"; };
		C935FA7F2A5D74980035FA2C /* AllowApproachVC.swift */ = {isa = PBXFileReference; lastKnownFileType = sourcecode.swift; path = AllowApproachVC.swift; sourceTree = "<group>"; };
		C935FA852A5EB6010035FA2C /* FindPasswordVC.swift */ = {isa = PBXFileReference; lastKnownFileType = sourcecode.swift; path = FindPasswordVC.swift; sourceTree = "<group>"; };
		C977A2762A684692001249E3 /* GroupMemberVC.swift */ = {isa = PBXFileReference; lastKnownFileType = sourcecode.swift; path = GroupMemberVC.swift; sourceTree = "<group>"; };
		C977A2782A6854B6001249E3 /* AddGroupView.swift */ = {isa = PBXFileReference; lastKnownFileType = sourcecode.swift; path = AddGroupView.swift; sourceTree = "<group>"; };
		C98C4DF92A6120C00001BEAB /* ChangePasswordVC.swift */ = {isa = PBXFileReference; lastKnownFileType = sourcecode.swift; path = ChangePasswordVC.swift; sourceTree = "<group>"; };
		C98EB7162A7ABA9600FAB4B8 /* LoginThirdVC.swift */ = {isa = PBXFileReference; lastKnownFileType = sourcecode.swift; path = LoginThirdVC.swift; sourceTree = "<group>"; };
		C98EB7182A7AC4D200FAB4B8 /* SayHelloTextGuideVC.swift */ = {isa = PBXFileReference; lastKnownFileType = sourcecode.swift; path = SayHelloTextGuideVC.swift; sourceTree = "<group>"; };
		C98EB71A2A7AC4E500FAB4B8 /* BirthTextGuideVC.swift */ = {isa = PBXFileReference; lastKnownFileType = sourcecode.swift; path = BirthTextGuideVC.swift; sourceTree = "<group>"; };
		C98EB71C2A7AC50000FAB4B8 /* WeddingTextGuideVC.swift */ = {isa = PBXFileReference; lastKnownFileType = sourcecode.swift; path = WeddingTextGuideVC.swift; sourceTree = "<group>"; };
		C98EB71E2A7AC52F00FAB4B8 /* AppointmentTextGuideVC.swift */ = {isa = PBXFileReference; lastKnownFileType = sourcecode.swift; path = AppointmentTextGuideVC.swift; sourceTree = "<group>"; };
		C98EB7202A7E877900FAB4B8 /* EditGroupView.swift */ = {isa = PBXFileReference; lastKnownFileType = sourcecode.swift; path = EditGroupView.swift; sourceTree = "<group>"; };
		C98EB7222A7E878100FAB4B8 /* EditGroupVC.swift */ = {isa = PBXFileReference; lastKnownFileType = sourcecode.swift; path = EditGroupVC.swift; sourceTree = "<group>"; };
		C98EB7242A7EB11700FAB4B8 /* ChangePasswordSuccessVC.swift */ = {isa = PBXFileReference; lastKnownFileType = sourcecode.swift; path = ChangePasswordSuccessVC.swift; sourceTree = "<group>"; };
		C98EB7262A7EC2C800FAB4B8 /* MyMessage1.swift */ = {isa = PBXFileReference; lastKnownFileType = sourcecode.swift; path = MyMessage1.swift; sourceTree = "<group>"; };
		C98EB7282A7EC2D200FAB4B8 /* MyMessage2.swift */ = {isa = PBXFileReference; lastKnownFileType = sourcecode.swift; path = MyMessage2.swift; sourceTree = "<group>"; };
		C9D07CED2A6A62290071C2F5 /* CustomCell.swift */ = {isa = PBXFileReference; lastKnownFileType = sourcecode.swift; path = CustomCell.swift; sourceTree = "<group>"; };
		C9D07CF92A6AE74A0071C2F5 /* FriendProfileView.swift */ = {isa = PBXFileReference; lastKnownFileType = sourcecode.swift; path = FriendProfileView.swift; sourceTree = "<group>"; };
		C9D07CFB2A6C427C0071C2F5 /* HowtouseVC.swift */ = {isa = PBXFileReference; lastKnownFileType = sourcecode.swift; path = HowtouseVC.swift; sourceTree = "<group>"; };
		C9D07D0B2A6D663B0071C2F5 /* GroupProfileView.swift */ = {isa = PBXFileReference; lastKnownFileType = sourcecode.swift; path = GroupProfileView.swift; sourceTree = "<group>"; };
		C9D07D0D2A6D66450071C2F5 /* GroupProfileVC.swift */ = {isa = PBXFileReference; lastKnownFileType = sourcecode.swift; path = GroupProfileVC.swift; sourceTree = "<group>"; };
		C9D07D0F2A6D74210071C2F5 /* GroupAlarmVC.swift */ = {isa = PBXFileReference; lastKnownFileType = sourcecode.swift; path = GroupAlarmVC.swift; sourceTree = "<group>"; };
		E91EE27D2A5C9B24003D6E5C /* GetInformationVC.swift */ = {isa = PBXFileReference; lastKnownFileType = sourcecode.swift; path = GetInformationVC.swift; sourceTree = "<group>"; };
		E91EE28C2A61A3AC003D6E5C /* Friends.swift */ = {isa = PBXFileReference; lastKnownFileType = sourcecode.swift; path = Friends.swift; sourceTree = "<group>"; };
		E999620D2A658E6B00FA602C /* MyData.swift */ = {isa = PBXFileReference; lastKnownFileType = sourcecode.swift; path = MyData.swift; sourceTree = "<group>"; };
		F6B9941AEDF608B7B3FABCB3 /* Pods_KnockKnockTests.framework */ = {isa = PBXFileReference; explicitFileType = wrapper.framework; includeInIndex = 0; path = Pods_KnockKnockTests.framework; sourceTree = BUILT_PRODUCTS_DIR; };
/* End PBXFileReference section */

/* Begin PBXFrameworksBuildPhase section */
		C93246722A458D9400908D6B /* Frameworks */ = {
			isa = PBXFrameworksBuildPhase;
			buildActionMask = 2147483647;
			files = (
				D9307CAF2ACAE9C26196364D /* Pods_KnockKnock.framework in Frameworks */,
			);
			runOnlyForDeploymentPostprocessing = 0;
		};
		C932468B2A458D9600908D6B /* Frameworks */ = {
			isa = PBXFrameworksBuildPhase;
			buildActionMask = 2147483647;
			files = (
				630F1F3B064994AD0D3ACAEB /* Pods_KnockKnockTests.framework in Frameworks */,
			);
			runOnlyForDeploymentPostprocessing = 0;
		};
		C93246952A458D9600908D6B /* Frameworks */ = {
			isa = PBXFrameworksBuildPhase;
			buildActionMask = 2147483647;
			files = (
				55264A9DE1ED88A2B377A672 /* Pods_KnockKnock_KnockKnockUITests.framework in Frameworks */,
			);
			runOnlyForDeploymentPostprocessing = 0;
		};
/* End PBXFrameworksBuildPhase section */

/* Begin PBXGroup section */
		00124F1C2A643ABA00536EAD /* Model */ = {
			isa = PBXGroup;
			children = (
				008C498D2A714ED700BE6705 /* Post.swift */,
				008C498B2A714EAF00BE6705 /* Group.swift */,
				00E558F12A6FD3CC00EA73FC /* Login.swift */,
			);
			path = Model;
			sourceTree = "<group>";
		};
		A9947B0D0B86855B34D2DECF /* Pods */ = {
			isa = PBXGroup;
			children = (
				07D7546DE7B95907D6D91395 /* Pods-KnockKnock.debug.xcconfig */,
				6B992DF5B9F3A14AA220019A /* Pods-KnockKnock.release.xcconfig */,
				0077CEBC45158B865B94A5C7 /* Pods-KnockKnock-KnockKnockUITests.debug.xcconfig */,
				C6E3773EEB3DC8AFF5BD12A1 /* Pods-KnockKnock-KnockKnockUITests.release.xcconfig */,
				1A3BB14BCA180BC7CE8155AA /* Pods-KnockKnockTests.debug.xcconfig */,
				75CDF4FF50DADE209C8EEFA1 /* Pods-KnockKnockTests.release.xcconfig */,
			);
			path = Pods;
			sourceTree = "<group>";
		};
		BDEC13AAD46C41A8A37376E4 /* Frameworks */ = {
			isa = PBXGroup;
			children = (
				C6BA4AB9AE11CC547F1B308C /* Pods_KnockKnock.framework */,
				4DBA3859EDF2C9AF5B666E35 /* Pods_KnockKnock_KnockKnockUITests.framework */,
				F6B9941AEDF608B7B3FABCB3 /* Pods_KnockKnockTests.framework */,
			);
			name = Frameworks;
			sourceTree = "<group>";
		};
		C932466C2A458D9400908D6B = {
			isa = PBXGroup;
			children = (
				C93246772A458D9400908D6B /* KnockKnock */,
				C93246912A458D9600908D6B /* KnockKnockTests */,
				C932469B2A458D9600908D6B /* KnockKnockUITests */,
				C93246762A458D9400908D6B /* Products */,
				A9947B0D0B86855B34D2DECF /* Pods */,
				BDEC13AAD46C41A8A37376E4 /* Frameworks */,
			);
			sourceTree = "<group>";
		};
		C93246762A458D9400908D6B /* Products */ = {
			isa = PBXGroup;
			children = (
				C93246752A458D9400908D6B /* KnockKnock.app */,
				C932468E2A458D9600908D6B /* KnockKnockTests.xctest */,
				C93246982A458D9600908D6B /* KnockKnockUITests.xctest */,
			);
			name = Products;
			sourceTree = "<group>";
		};
		C93246772A458D9400908D6B /* KnockKnock */ = {
			isa = PBXGroup;
			children = (
				C93246782A458D9400908D6B /* AppDelegate.swift */,
				C932467A2A458D9400908D6B /* SceneDelegate.swift */,
				C935FA262A59BC840035FA2C /* Extension.swift */,
				C935FA2C2A59C1B30035FA2C /* TabBarController.swift */,
				E91EE28C2A61A3AC003D6E5C /* Friends.swift */,
				E999620D2A658E6B00FA602C /* MyData.swift */,
				C935FA1D2A5817FB0035FA2C /* Login */,
				C935FA292A59BDCC0035FA2C /* Search */,
				C935FA282A59BD860035FA2C /* Friend */,
				C935FA2B2A59BDE10035FA2C /* Community */,
				C935FA2A2A59BDD90035FA2C /* MyPage */,
				00124F1C2A643ABA00536EAD /* Model */,
				C93246842A458D9600908D6B /* Assets.xcassets */,
				C93246862A458D9600908D6B /* LaunchScreen.storyboard */,
				C93246892A458D9600908D6B /* Info.plist */,
				C93246812A458D9400908D6B /* KnockKnock.xcdatamodeld */,
			);
			path = KnockKnock;
			sourceTree = "<group>";
		};
		C93246912A458D9600908D6B /* KnockKnockTests */ = {
			isa = PBXGroup;
			children = (
				C93246922A458D9600908D6B /* KnockKnockTests.swift */,
			);
			path = KnockKnockTests;
			sourceTree = "<group>";
		};
		C932469B2A458D9600908D6B /* KnockKnockUITests */ = {
			isa = PBXGroup;
			children = (
				C932469C2A458D9600908D6B /* KnockKnockUITests.swift */,
				C932469E2A458D9600908D6B /* KnockKnockUITestsLaunchTests.swift */,
			);
			path = KnockKnockUITests;
			sourceTree = "<group>";
		};
		C935FA1D2A5817FB0035FA2C /* Login */ = {
			isa = PBXGroup;
			children = (
				C935FA202A58656C0035FA2C /* LoginVC.swift */,
				C935FA852A5EB6010035FA2C /* FindPasswordVC.swift */,
				C98C4DF92A6120C00001BEAB /* ChangePasswordVC.swift */,
				C98EB7242A7EB11700FAB4B8 /* ChangePasswordSuccessVC.swift */,
				C935FA1E2A58264B0035FA2C /* LoginFirstVC.swift */,
				C935FA222A59357B0035FA2C /* LoginSecondVC.swift */,
				C98EB7162A7ABA9600FAB4B8 /* LoginThirdVC.swift */,
				C935FA7F2A5D74980035FA2C /* AllowApproachVC.swift */,
				C935FA7B2A5D63740035FA2C /* LoginAddFriendVC.swift */,
				C935FA7D2A5D63840035FA2C /* LoginAddBestFriendVC.swift */,
				C935FA242A59475A0035FA2C /* LoginSuccessVC.swift */,
				C9D07CFB2A6C427C0071C2F5 /* HowtouseVC.swift */,
			);
			path = Login;
			sourceTree = "<group>";
		};
		C935FA282A59BD860035FA2C /* Friend */ = {
			isa = PBXGroup;
			children = (
				C93246C22A48317800908D6B /* FriendController.swift */,
				008463FC2A5D93BF009F4033 /* FriendListVC.swift */,
				008463FE2A5D93FF009F4033 /* GroupVC.swift */,
				C9229C8B2A6441A70017A45C /* AddBFVC.swift */,
				C9229C8D2A6441DB0017A45C /* AddGroupVC.swift */,
				C977A2782A6854B6001249E3 /* AddGroupView.swift */,
				C977A2762A684692001249E3 /* GroupMemberVC.swift */,
				C9D07D0F2A6D74210071C2F5 /* GroupAlarmVC.swift */,
				C9D07D0B2A6D663B0071C2F5 /* GroupProfileView.swift */,
				C9D07D0D2A6D66450071C2F5 /* GroupProfileVC.swift */,
				C98EB7202A7E877900FAB4B8 /* EditGroupView.swift */,
				C98EB7222A7E878100FAB4B8 /* EditGroupVC.swift */,
				007B67C12A6D31F50087B264 /* PromiseVC.swift */,
			);
			path = Friend;
			sourceTree = "<group>";
		};
		C935FA292A59BDCC0035FA2C /* Search */ = {
			isa = PBXGroup;
			children = (
				C93246BE2A48313000908D6B /* SearchController.swift */,
				C935FA2E2A59D0EA0035FA2C /* AddFriendVC.swift */,
				C935FA302A5A52730035FA2C /* FriendProfileVC.swift */,
				C9D07CF92A6AE74A0071C2F5 /* FriendProfileView.swift */,
				C9229C932A64592E0017A45C /* EditProfileVC.swift */,
				C935FA322A5BC6C50035FA2C /* AddAlarmVC.swift */,
				C935FA732A5BE56D0035FA2C /* TextGuideVC.swift */,
				C98EB7182A7AC4D200FAB4B8 /* SayHelloTextGuideVC.swift */,
				C98EB71A2A7AC4E500FAB4B8 /* BirthTextGuideVC.swift */,
				C98EB71C2A7AC50000FAB4B8 /* WeddingTextGuideVC.swift */,
				C98EB71E2A7AC52F00FAB4B8 /* AppointmentTextGuideVC.swift */,
				E91EE27D2A5C9B24003D6E5C /* GetInformationVC.swift */,
			);
			path = Search;
			sourceTree = "<group>";
		};
		C935FA2A2A59BDD90035FA2C /* MyPage */ = {
			isa = PBXGroup;
			children = (
				C93246C02A48315800908D6B /* MyPageController.swift */,
				C93246B12A4631E200908D6B /* MyPage.swift */,
				C98EB7262A7EC2C800FAB4B8 /* MyMessage1.swift */,
				C98EB7282A7EC2D200FAB4B8 /* MyMessage2.swift */,
				C933F4542A5EFBBA0089670A /* EditMyPageVC.swift */,
				C935FA1B2A57F1B90035FA2C /* MyProfilePage.swift */,
				C935FA772A5C01200035FA2C /* SettingVC.swift */,
				00FD26572A5CE1520013E169 /* GuideVC.swift */,
				00E648542A7A2C05005AB40B /* PrivacyPolicyVC.swift */,
			);
			path = MyPage;
			sourceTree = "<group>";
		};
		C935FA2B2A59BDE10035FA2C /* Community */ = {
			isa = PBXGroup;
			children = (
				C93246C42A48318B00908D6B /* CommunityController.swift */,
				C9D07CED2A6A62290071C2F5 /* CustomCell.swift */,
				008463F82A5D56FC009F4033 /* GoodVC.swift */,
				008463FA2A5D5713009F4033 /* BadVC.swift */,
				0041A6EC2A61A2BF008A5048 /* WriteVC.swift */,
				00124F1A2A63CB6000536EAD /* PostVC.swift */,
				00086E962A6B62AE00A7C9FF /* CustomPostCell.swift */,
				00086E982A6B631600A7C9FF /* CustomCommentCell.swift */,
			);
			path = Community;
			sourceTree = "<group>";
		};
/* End PBXGroup section */

/* Begin PBXNativeTarget section */
		C93246742A458D9400908D6B /* KnockKnock */ = {
			isa = PBXNativeTarget;
			buildConfigurationList = C93246A22A458D9600908D6B /* Build configuration list for PBXNativeTarget "KnockKnock" */;
			buildPhases = (
				29467F2A71F055A977670F68 /* [CP] Check Pods Manifest.lock */,
				C93246712A458D9400908D6B /* Sources */,
				C93246722A458D9400908D6B /* Frameworks */,
				C93246732A458D9400908D6B /* Resources */,
				25BFFF0549C6F631EA26C02C /* [CP] Embed Pods Frameworks */,
			);
			buildRules = (
			);
			dependencies = (
			);
			name = KnockKnock;
			productName = KnockKnock;
			productReference = C93246752A458D9400908D6B /* KnockKnock.app */;
			productType = "com.apple.product-type.application";
		};
		C932468D2A458D9600908D6B /* KnockKnockTests */ = {
			isa = PBXNativeTarget;
			buildConfigurationList = C93246A52A458D9600908D6B /* Build configuration list for PBXNativeTarget "KnockKnockTests" */;
			buildPhases = (
				923CF8F3E728048263E2AAE1 /* [CP] Check Pods Manifest.lock */,
				C932468A2A458D9600908D6B /* Sources */,
				C932468B2A458D9600908D6B /* Frameworks */,
				C932468C2A458D9600908D6B /* Resources */,
			);
			buildRules = (
			);
			dependencies = (
				C93246902A458D9600908D6B /* PBXTargetDependency */,
			);
			name = KnockKnockTests;
			productName = KnockKnockTests;
			productReference = C932468E2A458D9600908D6B /* KnockKnockTests.xctest */;
			productType = "com.apple.product-type.bundle.unit-test";
		};
		C93246972A458D9600908D6B /* KnockKnockUITests */ = {
			isa = PBXNativeTarget;
			buildConfigurationList = C93246A82A458D9600908D6B /* Build configuration list for PBXNativeTarget "KnockKnockUITests" */;
			buildPhases = (
				35C146788F3158563C7823F1 /* [CP] Check Pods Manifest.lock */,
				C93246942A458D9600908D6B /* Sources */,
				C93246952A458D9600908D6B /* Frameworks */,
				C93246962A458D9600908D6B /* Resources */,
				B1C30994EB2C7DFA1093E5EF /* [CP] Embed Pods Frameworks */,
			);
			buildRules = (
			);
			dependencies = (
				C932469A2A458D9600908D6B /* PBXTargetDependency */,
			);
			name = KnockKnockUITests;
			productName = KnockKnockUITests;
			productReference = C93246982A458D9600908D6B /* KnockKnockUITests.xctest */;
			productType = "com.apple.product-type.bundle.ui-testing";
		};
/* End PBXNativeTarget section */

/* Begin PBXProject section */
		C932466D2A458D9400908D6B /* Project object */ = {
			isa = PBXProject;
			attributes = {
				BuildIndependentTargetsInParallel = 1;
				LastSwiftUpdateCheck = 1430;
				LastUpgradeCheck = 1430;
				TargetAttributes = {
					C93246742A458D9400908D6B = {
						CreatedOnToolsVersion = 14.3.1;
					};
					C932468D2A458D9600908D6B = {
						CreatedOnToolsVersion = 14.3.1;
						TestTargetID = C93246742A458D9400908D6B;
					};
					C93246972A458D9600908D6B = {
						CreatedOnToolsVersion = 14.3.1;
						TestTargetID = C93246742A458D9400908D6B;
					};
				};
			};
			buildConfigurationList = C93246702A458D9400908D6B /* Build configuration list for PBXProject "KnockKnock" */;
			compatibilityVersion = "Xcode 14.0";
			developmentRegion = en;
			hasScannedForEncodings = 0;
			knownRegions = (
				en,
				Base,
			);
			mainGroup = C932466C2A458D9400908D6B;
			productRefGroup = C93246762A458D9400908D6B /* Products */;
			projectDirPath = "";
			projectRoot = "";
			targets = (
				C93246742A458D9400908D6B /* KnockKnock */,
				C932468D2A458D9600908D6B /* KnockKnockTests */,
				C93246972A458D9600908D6B /* KnockKnockUITests */,
			);
		};
/* End PBXProject section */

/* Begin PBXResourcesBuildPhase section */
		C93246732A458D9400908D6B /* Resources */ = {
			isa = PBXResourcesBuildPhase;
			buildActionMask = 2147483647;
			files = (
				C93246882A458D9600908D6B /* LaunchScreen.storyboard in Resources */,
				C93246852A458D9600908D6B /* Assets.xcassets in Resources */,
			);
			runOnlyForDeploymentPostprocessing = 0;
		};
		C932468C2A458D9600908D6B /* Resources */ = {
			isa = PBXResourcesBuildPhase;
			buildActionMask = 2147483647;
			files = (
			);
			runOnlyForDeploymentPostprocessing = 0;
		};
		C93246962A458D9600908D6B /* Resources */ = {
			isa = PBXResourcesBuildPhase;
			buildActionMask = 2147483647;
			files = (
			);
			runOnlyForDeploymentPostprocessing = 0;
		};
/* End PBXResourcesBuildPhase section */

/* Begin PBXShellScriptBuildPhase section */
		25BFFF0549C6F631EA26C02C /* [CP] Embed Pods Frameworks */ = {
			isa = PBXShellScriptBuildPhase;
			buildActionMask = 2147483647;
			files = (
			);
			inputFileListPaths = (
				"${PODS_ROOT}/Target Support Files/Pods-KnockKnock/Pods-KnockKnock-frameworks-${CONFIGURATION}-input-files.xcfilelist",
			);
			name = "[CP] Embed Pods Frameworks";
			outputFileListPaths = (
				"${PODS_ROOT}/Target Support Files/Pods-KnockKnock/Pods-KnockKnock-frameworks-${CONFIGURATION}-output-files.xcfilelist",
			);
			runOnlyForDeploymentPostprocessing = 0;
			shellPath = /bin/sh;
			shellScript = "\"${PODS_ROOT}/Target Support Files/Pods-KnockKnock/Pods-KnockKnock-frameworks.sh\"\n";
			showEnvVarsInLog = 0;
		};
		29467F2A71F055A977670F68 /* [CP] Check Pods Manifest.lock */ = {
			isa = PBXShellScriptBuildPhase;
			buildActionMask = 2147483647;
			files = (
			);
			inputFileListPaths = (
			);
			inputPaths = (
				"${PODS_PODFILE_DIR_PATH}/Podfile.lock",
				"${PODS_ROOT}/Manifest.lock",
			);
			name = "[CP] Check Pods Manifest.lock";
			outputFileListPaths = (
			);
			outputPaths = (
				"$(DERIVED_FILE_DIR)/Pods-KnockKnock-checkManifestLockResult.txt",
			);
			runOnlyForDeploymentPostprocessing = 0;
			shellPath = /bin/sh;
			shellScript = "diff \"${PODS_PODFILE_DIR_PATH}/Podfile.lock\" \"${PODS_ROOT}/Manifest.lock\" > /dev/null\nif [ $? != 0 ] ; then\n    # print error to STDERR\n    echo \"error: The sandbox is not in sync with the Podfile.lock. Run 'pod install' or update your CocoaPods installation.\" >&2\n    exit 1\nfi\n# This output is used by Xcode 'outputs' to avoid re-running this script phase.\necho \"SUCCESS\" > \"${SCRIPT_OUTPUT_FILE_0}\"\n";
			showEnvVarsInLog = 0;
		};
		35C146788F3158563C7823F1 /* [CP] Check Pods Manifest.lock */ = {
			isa = PBXShellScriptBuildPhase;
			buildActionMask = 2147483647;
			files = (
			);
			inputFileListPaths = (
			);
			inputPaths = (
				"${PODS_PODFILE_DIR_PATH}/Podfile.lock",
				"${PODS_ROOT}/Manifest.lock",
			);
			name = "[CP] Check Pods Manifest.lock";
			outputFileListPaths = (
			);
			outputPaths = (
				"$(DERIVED_FILE_DIR)/Pods-KnockKnock-KnockKnockUITests-checkManifestLockResult.txt",
			);
			runOnlyForDeploymentPostprocessing = 0;
			shellPath = /bin/sh;
			shellScript = "diff \"${PODS_PODFILE_DIR_PATH}/Podfile.lock\" \"${PODS_ROOT}/Manifest.lock\" > /dev/null\nif [ $? != 0 ] ; then\n    # print error to STDERR\n    echo \"error: The sandbox is not in sync with the Podfile.lock. Run 'pod install' or update your CocoaPods installation.\" >&2\n    exit 1\nfi\n# This output is used by Xcode 'outputs' to avoid re-running this script phase.\necho \"SUCCESS\" > \"${SCRIPT_OUTPUT_FILE_0}\"\n";
			showEnvVarsInLog = 0;
		};
		923CF8F3E728048263E2AAE1 /* [CP] Check Pods Manifest.lock */ = {
			isa = PBXShellScriptBuildPhase;
			buildActionMask = 2147483647;
			files = (
			);
			inputFileListPaths = (
			);
			inputPaths = (
				"${PODS_PODFILE_DIR_PATH}/Podfile.lock",
				"${PODS_ROOT}/Manifest.lock",
			);
			name = "[CP] Check Pods Manifest.lock";
			outputFileListPaths = (
			);
			outputPaths = (
				"$(DERIVED_FILE_DIR)/Pods-KnockKnockTests-checkManifestLockResult.txt",
			);
			runOnlyForDeploymentPostprocessing = 0;
			shellPath = /bin/sh;
			shellScript = "diff \"${PODS_PODFILE_DIR_PATH}/Podfile.lock\" \"${PODS_ROOT}/Manifest.lock\" > /dev/null\nif [ $? != 0 ] ; then\n    # print error to STDERR\n    echo \"error: The sandbox is not in sync with the Podfile.lock. Run 'pod install' or update your CocoaPods installation.\" >&2\n    exit 1\nfi\n# This output is used by Xcode 'outputs' to avoid re-running this script phase.\necho \"SUCCESS\" > \"${SCRIPT_OUTPUT_FILE_0}\"\n";
			showEnvVarsInLog = 0;
		};
		B1C30994EB2C7DFA1093E5EF /* [CP] Embed Pods Frameworks */ = {
			isa = PBXShellScriptBuildPhase;
			buildActionMask = 2147483647;
			files = (
			);
			inputFileListPaths = (
				"${PODS_ROOT}/Target Support Files/Pods-KnockKnock-KnockKnockUITests/Pods-KnockKnock-KnockKnockUITests-frameworks-${CONFIGURATION}-input-files.xcfilelist",
			);
			name = "[CP] Embed Pods Frameworks";
			outputFileListPaths = (
				"${PODS_ROOT}/Target Support Files/Pods-KnockKnock-KnockKnockUITests/Pods-KnockKnock-KnockKnockUITests-frameworks-${CONFIGURATION}-output-files.xcfilelist",
			);
			runOnlyForDeploymentPostprocessing = 0;
			shellPath = /bin/sh;
			shellScript = "\"${PODS_ROOT}/Target Support Files/Pods-KnockKnock-KnockKnockUITests/Pods-KnockKnock-KnockKnockUITests-frameworks.sh\"\n";
			showEnvVarsInLog = 0;
		};
/* End PBXShellScriptBuildPhase section */

/* Begin PBXSourcesBuildPhase section */
		C93246712A458D9400908D6B /* Sources */ = {
			isa = PBXSourcesBuildPhase;
			buildActionMask = 2147483647;
			files = (
				C9229C8C2A6441A70017A45C /* AddBFVC.swift in Sources */,
				E91EE27E2A5C9B24003D6E5C /* GetInformationVC.swift in Sources */,
				C9D07CEE2A6A62290071C2F5 /* CustomCell.swift in Sources */,
				C935FA742A5BE56D0035FA2C /* TextGuideVC.swift in Sources */,
				C9D07CFC2A6C427C0071C2F5 /* HowtouseVC.swift in Sources */,
				0041A6ED2A61A2BF008A5048 /* WriteVC.swift in Sources */,
				C935FA232A59357B0035FA2C /* LoginSecondVC.swift in Sources */,
				C98EB71D2A7AC50000FAB4B8 /* WeddingTextGuideVC.swift in Sources */,
				C935FA2D2A59C1B30035FA2C /* TabBarController.swift in Sources */,
				C935FA312A5A52730035FA2C /* FriendProfileVC.swift in Sources */,
				C935FA332A5BC6C50035FA2C /* AddAlarmVC.swift in Sources */,
				C93246C12A48315800908D6B /* MyPageController.swift in Sources */,
				C98EB7212A7E877900FAB4B8 /* EditGroupView.swift in Sources */,
				C98C4DFA2A6120C00001BEAB /* ChangePasswordVC.swift in Sources */,
				C935FA782A5C01200035FA2C /* SettingVC.swift in Sources */,
				C9D07D0E2A6D66450071C2F5 /* GroupProfileVC.swift in Sources */,
				C9229C8E2A6441DB0017A45C /* AddGroupVC.swift in Sources */,
				C98EB7272A7EC2C800FAB4B8 /* MyMessage1.swift in Sources */,
				C9D07D0C2A6D663B0071C2F5 /* GroupProfileView.swift in Sources */,
				C935FA1C2A57F1B90035FA2C /* MyProfilePage.swift in Sources */,
				E999620E2A658E6B00FA602C /* MyData.swift in Sources */,
				C935FA862A5EB6010035FA2C /* FindPasswordVC.swift in Sources */,
				C98EB71F2A7AC52F00FAB4B8 /* AppointmentTextGuideVC.swift in Sources */,
				C93246C32A48317800908D6B /* FriendController.swift in Sources */,
				008C498C2A714EAF00BE6705 /* Group.swift in Sources */,
				C98EB7232A7E878100FAB4B8 /* EditGroupVC.swift in Sources */,
				C935FA7E2A5D63840035FA2C /* LoginAddBestFriendVC.swift in Sources */,
				C977A2792A6854B6001249E3 /* AddGroupView.swift in Sources */,
				C93246792A458D9400908D6B /* AppDelegate.swift in Sources */,
				C98EB7172A7ABA9600FAB4B8 /* LoginThirdVC.swift in Sources */,
				C98EB7192A7AC4D200FAB4B8 /* SayHelloTextGuideVC.swift in Sources */,
				00E558F22A6FD3CC00EA73FC /* Login.swift in Sources */,
				C932467B2A458D9400908D6B /* SceneDelegate.swift in Sources */,
				C935FA7C2A5D63740035FA2C /* LoginAddFriendVC.swift in Sources */,
				C935FA272A59BC840035FA2C /* Extension.swift in Sources */,
				00086E992A6B631600A7C9FF /* CustomCommentCell.swift in Sources */,
				00124F1B2A63CB6000536EAD /* PostVC.swift in Sources */,
				C935FA1F2A58264B0035FA2C /* LoginFirstVC.swift in Sources */,
				C98EB71B2A7AC4E500FAB4B8 /* BirthTextGuideVC.swift in Sources */,
				C98EB7252A7EB11700FAB4B8 /* ChangePasswordSuccessVC.swift in Sources */,
				C98EB7292A7EC2D200FAB4B8 /* MyMessage2.swift in Sources */,
				00FD26582A5CE1520013E169 /* GuideVC.swift in Sources */,
				C9D07D102A6D74210071C2F5 /* GroupAlarmVC.swift in Sources */,
				C933F4552A5EFBBA0089670A /* EditMyPageVC.swift in Sources */,
				C9D07CFA2A6AE74A0071C2F5 /* FriendProfileView.swift in Sources */,
				007B67C22A6D31F50087B264 /* PromiseVC.swift in Sources */,
				C935FA252A59475A0035FA2C /* LoginSuccessVC.swift in Sources */,
				00E648552A7A2C05005AB40B /* PrivacyPolicyVC.swift in Sources */,
				C93246BF2A48313000908D6B /* SearchController.swift in Sources */,
				C935FA802A5D74980035FA2C /* AllowApproachVC.swift in Sources */,
				008463FD2A5D93BF009F4033 /* FriendListVC.swift in Sources */,
				C9229C942A64592E0017A45C /* EditProfileVC.swift in Sources */,
				00086E972A6B62AE00A7C9FF /* CustomPostCell.swift in Sources */,
				008463F92A5D56FC009F4033 /* GoodVC.swift in Sources */,
				E91EE28D2A61A3AC003D6E5C /* Friends.swift in Sources */,
				008C498E2A714ED700BE6705 /* Post.swift in Sources */,
				C935FA2F2A59D0EA0035FA2C /* AddFriendVC.swift in Sources */,
				008463FF2A5D93FF009F4033 /* GroupVC.swift in Sources */,
				C93246832A458D9400908D6B /* KnockKnock.xcdatamodeld in Sources */,
				C935FA212A58656C0035FA2C /* LoginVC.swift in Sources */,
				C93246C52A48318B00908D6B /* CommunityController.swift in Sources */,
				008463FB2A5D5713009F4033 /* BadVC.swift in Sources */,
				C977A2772A684692001249E3 /* GroupMemberVC.swift in Sources */,
				C93246B22A4631E200908D6B /* MyPage.swift in Sources */,
			);
			runOnlyForDeploymentPostprocessing = 0;
		};
		C932468A2A458D9600908D6B /* Sources */ = {
			isa = PBXSourcesBuildPhase;
			buildActionMask = 2147483647;
			files = (
				C93246932A458D9600908D6B /* KnockKnockTests.swift in Sources */,
			);
			runOnlyForDeploymentPostprocessing = 0;
		};
		C93246942A458D9600908D6B /* Sources */ = {
			isa = PBXSourcesBuildPhase;
			buildActionMask = 2147483647;
			files = (
				C932469F2A458D9600908D6B /* KnockKnockUITestsLaunchTests.swift in Sources */,
				C932469D2A458D9600908D6B /* KnockKnockUITests.swift in Sources */,
			);
			runOnlyForDeploymentPostprocessing = 0;
		};
/* End PBXSourcesBuildPhase section */

/* Begin PBXTargetDependency section */
		C93246902A458D9600908D6B /* PBXTargetDependency */ = {
			isa = PBXTargetDependency;
			target = C93246742A458D9400908D6B /* KnockKnock */;
			targetProxy = C932468F2A458D9600908D6B /* PBXContainerItemProxy */;
		};
		C932469A2A458D9600908D6B /* PBXTargetDependency */ = {
			isa = PBXTargetDependency;
			target = C93246742A458D9400908D6B /* KnockKnock */;
			targetProxy = C93246992A458D9600908D6B /* PBXContainerItemProxy */;
		};
/* End PBXTargetDependency section */

/* Begin PBXVariantGroup section */
		C93246862A458D9600908D6B /* LaunchScreen.storyboard */ = {
			isa = PBXVariantGroup;
			children = (
				C93246872A458D9600908D6B /* Base */,
			);
			name = LaunchScreen.storyboard;
			sourceTree = "<group>";
		};
/* End PBXVariantGroup section */

/* Begin XCBuildConfiguration section */
		C93246A02A458D9600908D6B /* Debug */ = {
			isa = XCBuildConfiguration;
			buildSettings = {
				ALWAYS_SEARCH_USER_PATHS = NO;
				CLANG_ANALYZER_NONNULL = YES;
				CLANG_ANALYZER_NUMBER_OBJECT_CONVERSION = YES_AGGRESSIVE;
				CLANG_CXX_LANGUAGE_STANDARD = "gnu++20";
				CLANG_ENABLE_MODULES = YES;
				CLANG_ENABLE_OBJC_ARC = YES;
				CLANG_ENABLE_OBJC_WEAK = YES;
				CLANG_WARN_BLOCK_CAPTURE_AUTORELEASING = YES;
				CLANG_WARN_BOOL_CONVERSION = YES;
				CLANG_WARN_COMMA = YES;
				CLANG_WARN_CONSTANT_CONVERSION = YES;
				CLANG_WARN_DEPRECATED_OBJC_IMPLEMENTATIONS = YES;
				CLANG_WARN_DIRECT_OBJC_ISA_USAGE = YES_ERROR;
				CLANG_WARN_DOCUMENTATION_COMMENTS = YES;
				CLANG_WARN_EMPTY_BODY = YES;
				CLANG_WARN_ENUM_CONVERSION = YES;
				CLANG_WARN_INFINITE_RECURSION = YES;
				CLANG_WARN_INT_CONVERSION = YES;
				CLANG_WARN_NON_LITERAL_NULL_CONVERSION = YES;
				CLANG_WARN_OBJC_IMPLICIT_RETAIN_SELF = YES;
				CLANG_WARN_OBJC_LITERAL_CONVERSION = YES;
				CLANG_WARN_OBJC_ROOT_CLASS = YES_ERROR;
				CLANG_WARN_QUOTED_INCLUDE_IN_FRAMEWORK_HEADER = YES;
				CLANG_WARN_RANGE_LOOP_ANALYSIS = YES;
				CLANG_WARN_STRICT_PROTOTYPES = YES;
				CLANG_WARN_SUSPICIOUS_MOVE = YES;
				CLANG_WARN_UNGUARDED_AVAILABILITY = YES_AGGRESSIVE;
				CLANG_WARN_UNREACHABLE_CODE = YES;
				CLANG_WARN__DUPLICATE_METHOD_MATCH = YES;
				COPY_PHASE_STRIP = NO;
				DEBUG_INFORMATION_FORMAT = dwarf;
				ENABLE_STRICT_OBJC_MSGSEND = YES;
				ENABLE_TESTABILITY = YES;
				GCC_C_LANGUAGE_STANDARD = gnu11;
				GCC_DYNAMIC_NO_PIC = NO;
				GCC_NO_COMMON_BLOCKS = YES;
				GCC_OPTIMIZATION_LEVEL = 0;
				GCC_PREPROCESSOR_DEFINITIONS = (
					"DEBUG=1",
					"$(inherited)",
				);
				GCC_WARN_64_TO_32_BIT_CONVERSION = YES;
				GCC_WARN_ABOUT_RETURN_TYPE = YES_ERROR;
				GCC_WARN_UNDECLARED_SELECTOR = YES;
				GCC_WARN_UNINITIALIZED_AUTOS = YES_AGGRESSIVE;
				GCC_WARN_UNUSED_FUNCTION = YES;
				GCC_WARN_UNUSED_VARIABLE = YES;
				IPHONEOS_DEPLOYMENT_TARGET = 16.4;
				MTL_ENABLE_DEBUG_INFO = INCLUDE_SOURCE;
				MTL_FAST_MATH = YES;
				ONLY_ACTIVE_ARCH = YES;
				SDKROOT = iphoneos;
				SWIFT_ACTIVE_COMPILATION_CONDITIONS = DEBUG;
				SWIFT_OPTIMIZATION_LEVEL = "-Onone";
			};
			name = Debug;
		};
		C93246A12A458D9600908D6B /* Release */ = {
			isa = XCBuildConfiguration;
			buildSettings = {
				ALWAYS_SEARCH_USER_PATHS = NO;
				CLANG_ANALYZER_NONNULL = YES;
				CLANG_ANALYZER_NUMBER_OBJECT_CONVERSION = YES_AGGRESSIVE;
				CLANG_CXX_LANGUAGE_STANDARD = "gnu++20";
				CLANG_ENABLE_MODULES = YES;
				CLANG_ENABLE_OBJC_ARC = YES;
				CLANG_ENABLE_OBJC_WEAK = YES;
				CLANG_WARN_BLOCK_CAPTURE_AUTORELEASING = YES;
				CLANG_WARN_BOOL_CONVERSION = YES;
				CLANG_WARN_COMMA = YES;
				CLANG_WARN_CONSTANT_CONVERSION = YES;
				CLANG_WARN_DEPRECATED_OBJC_IMPLEMENTATIONS = YES;
				CLANG_WARN_DIRECT_OBJC_ISA_USAGE = YES_ERROR;
				CLANG_WARN_DOCUMENTATION_COMMENTS = YES;
				CLANG_WARN_EMPTY_BODY = YES;
				CLANG_WARN_ENUM_CONVERSION = YES;
				CLANG_WARN_INFINITE_RECURSION = YES;
				CLANG_WARN_INT_CONVERSION = YES;
				CLANG_WARN_NON_LITERAL_NULL_CONVERSION = YES;
				CLANG_WARN_OBJC_IMPLICIT_RETAIN_SELF = YES;
				CLANG_WARN_OBJC_LITERAL_CONVERSION = YES;
				CLANG_WARN_OBJC_ROOT_CLASS = YES_ERROR;
				CLANG_WARN_QUOTED_INCLUDE_IN_FRAMEWORK_HEADER = YES;
				CLANG_WARN_RANGE_LOOP_ANALYSIS = YES;
				CLANG_WARN_STRICT_PROTOTYPES = YES;
				CLANG_WARN_SUSPICIOUS_MOVE = YES;
				CLANG_WARN_UNGUARDED_AVAILABILITY = YES_AGGRESSIVE;
				CLANG_WARN_UNREACHABLE_CODE = YES;
				CLANG_WARN__DUPLICATE_METHOD_MATCH = YES;
				COPY_PHASE_STRIP = NO;
				DEBUG_INFORMATION_FORMAT = "dwarf-with-dsym";
				ENABLE_NS_ASSERTIONS = NO;
				ENABLE_STRICT_OBJC_MSGSEND = YES;
				GCC_C_LANGUAGE_STANDARD = gnu11;
				GCC_NO_COMMON_BLOCKS = YES;
				GCC_WARN_64_TO_32_BIT_CONVERSION = YES;
				GCC_WARN_ABOUT_RETURN_TYPE = YES_ERROR;
				GCC_WARN_UNDECLARED_SELECTOR = YES;
				GCC_WARN_UNINITIALIZED_AUTOS = YES_AGGRESSIVE;
				GCC_WARN_UNUSED_FUNCTION = YES;
				GCC_WARN_UNUSED_VARIABLE = YES;
				IPHONEOS_DEPLOYMENT_TARGET = 16.4;
				MTL_ENABLE_DEBUG_INFO = NO;
				MTL_FAST_MATH = YES;
				SDKROOT = iphoneos;
				SWIFT_COMPILATION_MODE = wholemodule;
				SWIFT_OPTIMIZATION_LEVEL = "-O";
				VALIDATE_PRODUCT = YES;
			};
			name = Release;
		};
		C93246A32A458D9600908D6B /* Debug */ = {
			isa = XCBuildConfiguration;
			baseConfigurationReference = 07D7546DE7B95907D6D91395 /* Pods-KnockKnock.debug.xcconfig */;
			buildSettings = {
				ASSETCATALOG_COMPILER_APPICON_NAME = AppIcon;
				ASSETCATALOG_COMPILER_GLOBAL_ACCENT_COLOR_NAME = AccentColor;
				CODE_SIGN_STYLE = Automatic;
				CURRENT_PROJECT_VERSION = 1;
				GENERATE_INFOPLIST_FILE = YES;
				INFOPLIST_FILE = KnockKnock/Info.plist;
				INFOPLIST_KEY_UIApplicationSupportsIndirectInputEvents = YES;
				INFOPLIST_KEY_UILaunchStoryboardName = LaunchScreen;
				INFOPLIST_KEY_UIMainStoryboardFile = "";
				INFOPLIST_KEY_UISupportedInterfaceOrientations_iPad = "UIInterfaceOrientationPortrait UIInterfaceOrientationPortraitUpsideDown UIInterfaceOrientationLandscapeLeft UIInterfaceOrientationLandscapeRight";
				INFOPLIST_KEY_UISupportedInterfaceOrientations_iPhone = "UIInterfaceOrientationPortrait UIInterfaceOrientationLandscapeLeft UIInterfaceOrientationLandscapeRight";
				IPHONEOS_DEPLOYMENT_TARGET = 16.4;
				LD_RUNPATH_SEARCH_PATHS = (
					"$(inherited)",
					"@executable_path/Frameworks",
				);
				MARKETING_VERSION = 1.0;
				PRODUCT_BUNDLE_IDENTIFIER = daeun.KnockKnock;
				PRODUCT_NAME = "$(TARGET_NAME)";
				SWIFT_EMIT_LOC_STRINGS = YES;
				SWIFT_VERSION = 5.0;
				TARGETED_DEVICE_FAMILY = "1,2";
			};
			name = Debug;
		};
		C93246A42A458D9600908D6B /* Release */ = {
			isa = XCBuildConfiguration;
			baseConfigurationReference = 6B992DF5B9F3A14AA220019A /* Pods-KnockKnock.release.xcconfig */;
			buildSettings = {
				ASSETCATALOG_COMPILER_APPICON_NAME = AppIcon;
				ASSETCATALOG_COMPILER_GLOBAL_ACCENT_COLOR_NAME = AccentColor;
				CODE_SIGN_STYLE = Automatic;
				CURRENT_PROJECT_VERSION = 1;
				GENERATE_INFOPLIST_FILE = YES;
				INFOPLIST_FILE = KnockKnock/Info.plist;
				INFOPLIST_KEY_UIApplicationSupportsIndirectInputEvents = YES;
				INFOPLIST_KEY_UILaunchStoryboardName = LaunchScreen;
				INFOPLIST_KEY_UIMainStoryboardFile = "";
				INFOPLIST_KEY_UISupportedInterfaceOrientations_iPad = "UIInterfaceOrientationPortrait UIInterfaceOrientationPortraitUpsideDown UIInterfaceOrientationLandscapeLeft UIInterfaceOrientationLandscapeRight";
				INFOPLIST_KEY_UISupportedInterfaceOrientations_iPhone = "UIInterfaceOrientationPortrait UIInterfaceOrientationLandscapeLeft UIInterfaceOrientationLandscapeRight";
				IPHONEOS_DEPLOYMENT_TARGET = 16.4;
				LD_RUNPATH_SEARCH_PATHS = (
					"$(inherited)",
					"@executable_path/Frameworks",
				);
				MARKETING_VERSION = 1.0;
				PRODUCT_BUNDLE_IDENTIFIER = daeun.KnockKnock;
				PRODUCT_NAME = "$(TARGET_NAME)";
				SWIFT_EMIT_LOC_STRINGS = YES;
				SWIFT_VERSION = 5.0;
				TARGETED_DEVICE_FAMILY = "1,2";
			};
			name = Release;
		};
		C93246A62A458D9600908D6B /* Debug */ = {
			isa = XCBuildConfiguration;
			baseConfigurationReference = 1A3BB14BCA180BC7CE8155AA /* Pods-KnockKnockTests.debug.xcconfig */;
			buildSettings = {
				ALWAYS_EMBED_SWIFT_STANDARD_LIBRARIES = YES;
				BUNDLE_LOADER = "$(TEST_HOST)";
				CODE_SIGN_STYLE = Automatic;
				CURRENT_PROJECT_VERSION = 1;
				GENERATE_INFOPLIST_FILE = YES;
				IPHONEOS_DEPLOYMENT_TARGET = 16.4;
				MARKETING_VERSION = 1.0;
				PRODUCT_BUNDLE_IDENTIFIER = daeun.KnockKnockTests;
				PRODUCT_NAME = "$(TARGET_NAME)";
				SWIFT_EMIT_LOC_STRINGS = NO;
				SWIFT_VERSION = 5.0;
				TARGETED_DEVICE_FAMILY = "1,2";
				TEST_HOST = "$(BUILT_PRODUCTS_DIR)/KnockKnock.app/$(BUNDLE_EXECUTABLE_FOLDER_PATH)/KnockKnock";
			};
			name = Debug;
		};
		C93246A72A458D9600908D6B /* Release */ = {
			isa = XCBuildConfiguration;
			baseConfigurationReference = 75CDF4FF50DADE209C8EEFA1 /* Pods-KnockKnockTests.release.xcconfig */;
			buildSettings = {
				ALWAYS_EMBED_SWIFT_STANDARD_LIBRARIES = YES;
				BUNDLE_LOADER = "$(TEST_HOST)";
				CODE_SIGN_STYLE = Automatic;
				CURRENT_PROJECT_VERSION = 1;
				GENERATE_INFOPLIST_FILE = YES;
				IPHONEOS_DEPLOYMENT_TARGET = 16.4;
				MARKETING_VERSION = 1.0;
				PRODUCT_BUNDLE_IDENTIFIER = daeun.KnockKnockTests;
				PRODUCT_NAME = "$(TARGET_NAME)";
				SWIFT_EMIT_LOC_STRINGS = NO;
				SWIFT_VERSION = 5.0;
				TARGETED_DEVICE_FAMILY = "1,2";
				TEST_HOST = "$(BUILT_PRODUCTS_DIR)/KnockKnock.app/$(BUNDLE_EXECUTABLE_FOLDER_PATH)/KnockKnock";
			};
			name = Release;
		};
		C93246A92A458D9600908D6B /* Debug */ = {
			isa = XCBuildConfiguration;
			baseConfigurationReference = 0077CEBC45158B865B94A5C7 /* Pods-KnockKnock-KnockKnockUITests.debug.xcconfig */;
			buildSettings = {
				ALWAYS_EMBED_SWIFT_STANDARD_LIBRARIES = YES;
				CODE_SIGN_STYLE = Automatic;
				CURRENT_PROJECT_VERSION = 1;
				GENERATE_INFOPLIST_FILE = YES;
				MARKETING_VERSION = 1.0;
				PRODUCT_BUNDLE_IDENTIFIER = daeun.KnockKnockUITests;
				PRODUCT_NAME = "$(TARGET_NAME)";
				SWIFT_EMIT_LOC_STRINGS = NO;
				SWIFT_VERSION = 5.0;
				TARGETED_DEVICE_FAMILY = "1,2";
				TEST_TARGET_NAME = KnockKnock;
			};
			name = Debug;
		};
		C93246AA2A458D9600908D6B /* Release */ = {
			isa = XCBuildConfiguration;
			baseConfigurationReference = C6E3773EEB3DC8AFF5BD12A1 /* Pods-KnockKnock-KnockKnockUITests.release.xcconfig */;
			buildSettings = {
				ALWAYS_EMBED_SWIFT_STANDARD_LIBRARIES = YES;
				CODE_SIGN_STYLE = Automatic;
				CURRENT_PROJECT_VERSION = 1;
				GENERATE_INFOPLIST_FILE = YES;
				MARKETING_VERSION = 1.0;
				PRODUCT_BUNDLE_IDENTIFIER = daeun.KnockKnockUITests;
				PRODUCT_NAME = "$(TARGET_NAME)";
				SWIFT_EMIT_LOC_STRINGS = NO;
				SWIFT_VERSION = 5.0;
				TARGETED_DEVICE_FAMILY = "1,2";
				TEST_TARGET_NAME = KnockKnock;
			};
			name = Release;
		};
/* End XCBuildConfiguration section */

/* Begin XCConfigurationList section */
		C93246702A458D9400908D6B /* Build configuration list for PBXProject "KnockKnock" */ = {
			isa = XCConfigurationList;
			buildConfigurations = (
				C93246A02A458D9600908D6B /* Debug */,
				C93246A12A458D9600908D6B /* Release */,
			);
			defaultConfigurationIsVisible = 0;
			defaultConfigurationName = Release;
		};
		C93246A22A458D9600908D6B /* Build configuration list for PBXNativeTarget "KnockKnock" */ = {
			isa = XCConfigurationList;
			buildConfigurations = (
				C93246A32A458D9600908D6B /* Debug */,
				C93246A42A458D9600908D6B /* Release */,
			);
			defaultConfigurationIsVisible = 0;
			defaultConfigurationName = Release;
		};
		C93246A52A458D9600908D6B /* Build configuration list for PBXNativeTarget "KnockKnockTests" */ = {
			isa = XCConfigurationList;
			buildConfigurations = (
				C93246A62A458D9600908D6B /* Debug */,
				C93246A72A458D9600908D6B /* Release */,
			);
			defaultConfigurationIsVisible = 0;
			defaultConfigurationName = Release;
		};
		C93246A82A458D9600908D6B /* Build configuration list for PBXNativeTarget "KnockKnockUITests" */ = {
			isa = XCConfigurationList;
			buildConfigurations = (
				C93246A92A458D9600908D6B /* Debug */,
				C93246AA2A458D9600908D6B /* Release */,
			);
			defaultConfigurationIsVisible = 0;
			defaultConfigurationName = Release;
		};
/* End XCConfigurationList section */

/* Begin XCVersionGroup section */
		C93246812A458D9400908D6B /* KnockKnock.xcdatamodeld */ = {
			isa = XCVersionGroup;
			children = (
				C93246822A458D9400908D6B /* KnockKnock.xcdatamodel */,
			);
			currentVersion = C93246822A458D9400908D6B /* KnockKnock.xcdatamodel */;
			path = KnockKnock.xcdatamodeld;
			sourceTree = "<group>";
			versionGroupType = wrapper.xcdatamodel;
		};
/* End XCVersionGroup section */
	};
	rootObject = C932466D2A458D9400908D6B /* Project object */;
}
